
Microsoft Visual Studio Solution File, Format Version 12.00
# Visual Studio Version 17
VisualStudioVersion = 17.14.36717.8
MinimumVisualStudioVersion = 10.0.40219.1
Project("{FAE04EC0-301F-11D3-BF4B-00C04F79EFBC}") = "ApiAuthStrategies", "ApiAuthStrategies\ApiAuthStrategies.csproj", "{5F93B309-2A77-CAE3-CE21-F1B139A29C7C}"
EndProject
Project("{FAE04EC0-301F-11D3-BF4B-00C04F79EFBC}") = "ApiAuthStrategies.Tests", "ApiAuthStrategies.Tests\ApiAuthStrategies.Tests.csproj", "{16B78AD2-DB4C-8AF2-4424-5FE9EB84F4AD}"
EndProject
Global
	GlobalSection(SolutionConfigurationPlatforms) = preSolution
		Debug|Any CPU = Debug|Any CPU
		Release|Any CPU = Release|Any CPU
	EndGlobalSection
	GlobalSection(ProjectConfigurationPlatforms) = postSolution
		{5F93B309-2A77-CAE3-CE21-F1B139A29C7C}.Debug|Any CPU.ActiveCfg = Debug|Any CPU
		{5F93B309-2A77-CAE3-CE21-F1B139A29C7C}.Debug|Any CPU.Build.0 = Debug|Any CPU
		{5F93B309-2A77-CAE3-CE21-F1B139A29C7C}.Release|Any CPU.ActiveCfg = Release|Any CPU
		{5F93B309-2A77-CAE3-CE21-F1B139A29C7C}.Release|Any CPU.Build.0 = Release|Any CPU
		{16B78AD2-DB4C-8AF2-4424-5FE9EB84F4AD}.Debug|Any CPU.ActiveCfg = Debug|Any CPU
		{16B78AD2-DB4C-8AF2-4424-5FE9EB84F4AD}.Debug|Any CPU.Build.0 = Debug|Any CPU
		{16B78AD2-DB4C-8AF2-4424-5FE9EB84F4AD}.Release|Any CPU.ActiveCfg = Release|Any CPU
		{16B78AD2-DB4C-8AF2-4424-5FE9EB84F4AD}.Release|Any CPU.Build.0 = Release|Any CPU
	EndGlobalSection
	GlobalSection(SolutionProperties) = preSolution
		HideSolutionNode = FALSE
	EndGlobalSection
	GlobalSection(ExtensibilityGlobals) = postSolution
		SolutionGuid = {2B4FB2FD-1C33-4589-B114-AB4B7676C5EB}
	EndGlobalSection
EndGlobal
